// !$*UTF8*$!
{
	archiveVersion = 1;
	classes = {
	};
	objectVersion = 46;
	objects = {

/* Begin PBXBuildFile section */
		F3AA053A198E28B200079699 /* Foundation.framework in Frameworks */ = {isa = PBXBuildFile; fileRef = F3AA0539198E28B200079699 /* Foundation.framework */; };
		F3AA053C198E28B200079699 /* CoreGraphics.framework in Frameworks */ = {isa = PBXBuildFile; fileRef = F3AA053B198E28B200079699 /* CoreGraphics.framework */; };
		F3AA053E198E28B200079699 /* UIKit.framework in Frameworks */ = {isa = PBXBuildFile; fileRef = F3AA053D198E28B200079699 /* UIKit.framework */; };
		F3AA0544198E28B200079699 /* InfoPlist.strings in Resources */ = {isa = PBXBuildFile; fileRef = F3AA0542198E28B200079699 /* InfoPlist.strings */; };
		F3AA0546198E28B200079699 /* main.m in Sources */ = {isa = PBXBuildFile; fileRef = F3AA0545198E28B200079699 /* main.m */; };
		F3AA054A198E28B200079699 /* BAPAppDelegate.m in Sources */ = {isa = PBXBuildFile; fileRef = F3AA0549198E28B200079699 /* BAPAppDelegate.m */; };
		F3AA054C198E28B200079699 /* Images.xcassets in Resources */ = {isa = PBXBuildFile; fileRef = F3AA054B198E28B200079699 /* Images.xcassets */; };
		F3AA0553198E28B200079699 /* XCTest.framework in Frameworks */ = {isa = PBXBuildFile; fileRef = F3AA0552198E28B200079699 /* XCTest.framework */; };
		F3AA0554198E28B200079699 /* Foundation.framework in Frameworks */ = {isa = PBXBuildFile; fileRef = F3AA0539198E28B200079699 /* Foundation.framework */; };
		F3AA0555198E28B200079699 /* UIKit.framework in Frameworks */ = {isa = PBXBuildFile; fileRef = F3AA053D198E28B200079699 /* UIKit.framework */; };
		F3AA055D198E28B200079699 /* InfoPlist.strings in Resources */ = {isa = PBXBuildFile; fileRef = F3AA055B198E28B200079699 /* InfoPlist.strings */; };
		F3AA055F198E28B200079699 /* BeautyAppTests.m in Sources */ = {isa = PBXBuildFile; fileRef = F3AA055E198E28B200079699 /* BeautyAppTests.m */; };
/* End PBXBuildFile section */

/* Begin PBXContainerItemProxy section */
		F3AA0556198E28B200079699 /* PBXContainerItemProxy */ = {
			isa = PBXContainerItemProxy;
			containerPortal = F3AA052E198E28B200079699 /* Project object */;
			proxyType = 1;
			remoteGlobalIDString = F3AA0535198E28B200079699;
			remoteInfo = BeautyApp;
		};
/* End PBXContainerItemProxy section */

/* Begin PBXFileReference section */
		F3AA0536198E28B200079699 /* BeautyApp.app */ = {isa = PBXFileReference; explicitFileType = wrapper.application; includeInIndex = 0; path = BeautyApp.app; sourceTree = BUILT_PRODUCTS_DIR; };
		F3AA0539198E28B200079699 /* Foundation.framework */ = {isa = PBXFileReference; lastKnownFileType = wrapper.framework; name = Foundation.framework; path = System/Library/Frameworks/Foundation.framework; sourceTree = SDKROOT; };
		F3AA053B198E28B200079699 /* CoreGraphics.framework */ = {isa = PBXFileReference; lastKnownFileType = wrapper.framework; name = CoreGraphics.framework; path = System/Library/Frameworks/CoreGraphics.framework; sourceTree = SDKROOT; };
		F3AA053D198E28B200079699 /* UIKit.framework */ = {isa = PBXFileReference; lastKnownFileType = wrapper.framework; name = UIKit.framework; path = System/Library/Frameworks/UIKit.framework; sourceTree = SDKROOT; };
		F3AA0541198E28B200079699 /* BeautyApp-Info.plist */ = {isa = PBXFileReference; lastKnownFileType = text.plist.xml; path = "BeautyApp-Info.plist"; sourceTree = "<group>"; };
		F3AA0543198E28B200079699 /* en */ = {isa = PBXFileReference; lastKnownFileType = text.plist.strings; name = en; path = en.lproj/InfoPlist.strings; sourceTree = "<group>"; };
		F3AA0545198E28B200079699 /* main.m */ = {isa = PBXFileReference; lastKnownFileType = sourcecode.c.objc; path = main.m; sourceTree = "<group>"; };
		F3AA0547198E28B200079699 /* BeautyApp-Prefix.pch */ = {isa = PBXFileReference; lastKnownFileType = sourcecode.c.h; path = "BeautyApp-Prefix.pch"; sourceTree = "<group>"; };
		F3AA0548198E28B200079699 /* BAPAppDelegate.h */ = {isa = PBXFileReference; lastKnownFileType = sourcecode.c.h; path = BAPAppDelegate.h; sourceTree = "<group>"; };
		F3AA0549198E28B200079699 /* BAPAppDelegate.m */ = {isa = PBXFileReference; lastKnownFileType = sourcecode.c.objc; path = BAPAppDelegate.m; sourceTree = "<group>"; };
		F3AA054B198E28B200079699 /* Images.xcassets */ = {isa = PBXFileReference; lastKnownFileType = folder.assetcatalog; path = Images.xcassets; sourceTree = "<group>"; };
		F3AA0551198E28B200079699 /* BeautyAppTests.xctest */ = {isa = PBXFileReference; explicitFileType = wrapper.cfbundle; includeInIndex = 0; path = BeautyAppTests.xctest; sourceTree = BUILT_PRODUCTS_DIR; };
		F3AA0552198E28B200079699 /* XCTest.framework */ = {isa = PBXFileReference; lastKnownFileType = wrapper.framework; name = XCTest.framework; path = Library/Frameworks/XCTest.framework; sourceTree = DEVELOPER_DIR; };
		F3AA055A198E28B200079699 /* BeautyAppTests-Info.plist */ = {isa = PBXFileReference; lastKnownFileType = text.plist.xml; path = "BeautyAppTests-Info.plist"; sourceTree = "<group>"; };
		F3AA055C198E28B200079699 /* en */ = {isa = PBXFileReference; lastKnownFileType = text.plist.strings; name = en; path = en.lproj/InfoPlist.strings; sourceTree = "<group>"; };
		F3AA055E198E28B200079699 /* BeautyAppTests.m */ = {isa = PBXFileReference; lastKnownFileType = sourcecode.c.objc; path = BeautyAppTests.m; sourceTree = "<group>"; };
/* End PBXFileReference section */

/* Begin PBXFrameworksBuildPhase section */
		F3AA0533198E28B200079699 /* Frameworks */ = {
			isa = PBXFrameworksBuildPhase;
			buildActionMask = 2147483647;
			files = (
				F3AA053C198E28B200079699 /* CoreGraphics.framework in Frameworks */,
				F3AA053E198E28B200079699 /* UIKit.framework in Frameworks */,
				F3AA053A198E28B200079699 /* Foundation.framework in Frameworks */,
			);
			runOnlyForDeploymentPostprocessing = 0;
		};
		F3AA054E198E28B200079699 /* Frameworks */ = {
			isa = PBXFrameworksBuildPhase;
			buildActionMask = 2147483647;
			files = (
				F3AA0553198E28B200079699 /* XCTest.framework in Frameworks */,
				F3AA0555198E28B200079699 /* UIKit.framework in Frameworks */,
				F3AA0554198E28B200079699 /* Foundation.framework in Frameworks */,
			);
			runOnlyForDeploymentPostprocessing = 0;
		};
/* End PBXFrameworksBuildPhase section */

/* Begin PBXGroup section */
		F3AA052D198E28B200079699 = {
			isa = PBXGroup;
			children = (
				F3AA053F198E28B200079699 /* BeautyApp */,
				F3AA0558198E28B200079699 /* BeautyAppTests */,
				F3AA0538198E28B200079699 /* Frameworks */,
				F3AA0537198E28B200079699 /* Products */,
			);
			sourceTree = "<group>";
		};
		F3AA0537198E28B200079699 /* Products */ = {
			isa = PBXGroup;
			children = (
				F3AA0536198E28B200079699 /* BeautyApp.app */,
				F3AA0551198E28B200079699 /* BeautyAppTests.xctest */,
			);
			name = Products;
			sourceTree = "<group>";
		};
		F3AA0538198E28B200079699 /* Frameworks */ = {
			isa = PBXGroup;
			children = (
				F3AA0539198E28B200079699 /* Foundation.framework */,
				F3AA053B198E28B200079699 /* CoreGraphics.framework */,
				F3AA053D198E28B200079699 /* UIKit.framework */,
				F3AA0552198E28B200079699 /* XCTest.framework */,
			);
			name = Frameworks;
			sourceTree = "<group>";
		};
		F3AA053F198E28B200079699 /* BeautyApp */ = {
			isa = PBXGroup;
			children = (
				F3AA0548198E28B200079699 /* BAPAppDelegate.h */,
				F3AA0549198E28B200079699 /* BAPAppDelegate.m */,
				F3AA054B198E28B200079699 /* Images.xcassets */,
				F3AA0540198E28B200079699 /* Supporting Files */,
			);
			path = BeautyApp;
			sourceTree = "<group>";
		};
		F3AA0540198E28B200079699 /* Supporting Files */ = {
			isa = PBXGroup;
			children = (
				F3AA0541198E28B200079699 /* BeautyApp-Info.plist */,
				F3AA0542198E28B200079699 /* InfoPlist.strings */,
				F3AA0545198E28B200079699 /* main.m */,
				F3AA0547198E28B200079699 /* BeautyApp-Prefix.pch */,
			);
			name = "Supporting Files";
			sourceTree = "<group>";
		};
		F3AA0558198E28B200079699 /* BeautyAppTests */ = {
			isa = PBXGroup;
			children = (
				F3AA055E198E28B200079699 /* BeautyAppTests.m */,
				F3AA0559198E28B200079699 /* Supporting Files */,
			);
			path = BeautyAppTests;
			sourceTree = "<group>";
		};
		F3AA0559198E28B200079699 /* Supporting Files */ = {
			isa = PBXGroup;
			children = (
				F3AA055A198E28B200079699 /* BeautyAppTests-Info.plist */,
				F3AA055B198E28B200079699 /* InfoPlist.strings */,
			);
			name = "Supporting Files";
			sourceTree = "<group>";
		};
/* End PBXGroup section */

/* Begin PBXNativeTarget section */
		F3AA0535198E28B200079699 /* BeautyApp */ = {
			isa = PBXNativeTarget;
			buildConfigurationList = F3AA0562198E28B200079699 /* Build configuration list for PBXNativeTarget "BeautyApp" */;
			buildPhases = (
				F3AA0532198E28B200079699 /* Sources */,
				F3AA0533198E28B200079699 /* Frameworks */,
				F3AA0534198E28B200079699 /* Resources */,
			);
			buildRules = (
			);
			dependencies = (
			);
			name = BeautyApp;
			productName = BeautyApp;
			productReference = F3AA0536198E28B200079699 /* BeautyApp.app */;
			productType = "com.apple.product-type.application";
		};
		F3AA0550198E28B200079699 /* BeautyAppTests */ = {
			isa = PBXNativeTarget;
			buildConfigurationList = F3AA0565198E28B200079699 /* Build configuration list for PBXNativeTarget "BeautyAppTests" */;
			buildPhases = (
				F3AA054D198E28B200079699 /* Sources */,
				F3AA054E198E28B200079699 /* Frameworks */,
				F3AA054F198E28B200079699 /* Resources */,
			);
			buildRules = (
			);
			dependencies = (
				F3AA0557198E28B200079699 /* PBXTargetDependency */,
			);
			name = BeautyAppTests;
			productName = BeautyAppTests;
			productReference = F3AA0551198E28B200079699 /* BeautyAppTests.xctest */;
			productType = "com.apple.product-type.bundle.unit-test";
		};
/* End PBXNativeTarget section */

/* Begin PBXProject section */
		F3AA052E198E28B200079699 /* Project object */ = {
			isa = PBXProject;
			attributes = {
				CLASSPREFIX = BAP;
				LastUpgradeCheck = 0510;
				ORGANIZATIONNAME = pictureit;
				TargetAttributes = {
					F3AA0550198E28B200079699 = {
						TestTargetID = F3AA0535198E28B200079699;
					};
				};
			};
			buildConfigurationList = F3AA0531198E28B200079699 /* Build configuration list for PBXProject "BeautyApp" */;
			compatibilityVersion = "Xcode 3.2";
			developmentRegion = English;
			hasScannedForEncodings = 0;
			knownRegions = (
				en,
			);
			mainGroup = F3AA052D198E28B200079699;
			productRefGroup = F3AA0537198E28B200079699 /* Products */;
			projectDirPath = "";
			projectRoot = "";
			targets = (
				F3AA0535198E28B200079699 /* BeautyApp */,
				F3AA0550198E28B200079699 /* BeautyAppTests */,
			);
		};
/* End PBXProject section */

/* Begin PBXResourcesBuildPhase section */
		F3AA0534198E28B200079699 /* Resources */ = {
			isa = PBXResourcesBuildPhase;
			buildActionMask = 2147483647;
			files = (
				F3AA0544198E28B200079699 /* InfoPlist.strings in Resources */,
				F3AA054C198E28B200079699 /* Images.xcassets in Resources */,
			);
			runOnlyForDeploymentPostprocessing = 0;
		};
		F3AA054F198E28B200079699 /* Resources */ = {
			isa = PBXResourcesBuildPhase;
			buildActionMask = 2147483647;
			files = (
				F3AA055D198E28B200079699 /* InfoPlist.strings in Resources */,
			);
			runOnlyForDeploymentPostprocessing = 0;
		};
/* End PBXResourcesBuildPhase section */

/* Begin PBXSourcesBuildPhase section */
		F3AA0532198E28B200079699 /* Sources */ = {
			isa = PBXSourcesBuildPhase;
			buildActionMask = 2147483647;
			files = (
				F3AA054A198E28B200079699 /* BAPAppDelegate.m in Sources */,
				F3AA0546198E28B200079699 /* main.m in Sources */,
			);
			runOnlyForDeploymentPostprocessing = 0;
		};
		F3AA054D198E28B200079699 /* Sources */ = {
			isa = PBXSourcesBuildPhase;
			buildActionMask = 2147483647;
			files = (
				F3AA055F198E28B200079699 /* BeautyAppTests.m in Sources */,
			);
			runOnlyForDeploymentPostprocessing = 0;
		};
/* End PBXSourcesBuildPhase section */

/* Begin PBXTargetDependency section */
		F3AA0557198E28B200079699 /* PBXTargetDependency */ = {
			isa = PBXTargetDependency;
			target = F3AA0535198E28B200079699 /* BeautyApp */;
			targetProxy = F3AA0556198E28B200079699 /* PBXContainerItemProxy */;
		};
/* End PBXTargetDependency section */

/* Begin PBXVariantGroup section */
		F3AA0542198E28B200079699 /* InfoPlist.strings */ = {
			isa = PBXVariantGroup;
			children = (
				F3AA0543198E28B200079699 /* en */,
			);
			name = InfoPlist.strings;
			sourceTree = "<group>";
		};
		F3AA055B198E28B200079699 /* InfoPlist.strings */ = {
			isa = PBXVariantGroup;
			children = (
				F3AA055C198E28B200079699 /* en */,
			);
			name = InfoPlist.strings;
			sourceTree = "<group>";
		};
/* End PBXVariantGroup section */

/* Begin XCBuildConfiguration section */
		F3AA0560198E28B200079699 /* Debug */ = {
			isa = XCBuildConfiguration;
			buildSettings = {
				ALWAYS_SEARCH_USER_PATHS = NO;
				CLANG_CXX_LANGUAGE_STANDARD = "gnu++0x";
				CLANG_CXX_LIBRARY = "libc++";
				CLANG_ENABLE_MODULES = YES;
				CLANG_ENABLE_OBJC_ARC = YES;
				CLANG_WARN_BOOL_CONVERSION = YES;
				CLANG_WARN_CONSTANT_CONVERSION = YES;
				CLANG_WARN_DIRECT_OBJC_ISA_USAGE = YES_ERROR;
				CLANG_WARN_EMPTY_BODY = YES;
				CLANG_WARN_ENUM_CONVERSION = YES;
				CLANG_WARN_INT_CONVERSION = YES;
				CLANG_WARN_OBJC_ROOT_CLASS = YES_ERROR;
				CLANG_WARN__DUPLICATE_METHOD_MATCH = YES;
				"CODE_SIGN_IDENTITY[sdk=iphoneos*]" = "iPhone Developer";
				COPY_PHASE_STRIP = NO;
				GCC_C_LANGUAGE_STANDARD = gnu99;
				GCC_DYNAMIC_NO_PIC = NO;
				GCC_OPTIMIZATION_LEVEL = 0;
				GCC_PREPROCESSOR_DEFINITIONS = (
					"DEBUG=1",
					"$(inherited)",
				);
				GCC_SYMBOLS_PRIVATE_EXTERN = NO;
				GCC_WARN_64_TO_32_BIT_CONVERSION = YES;
				GCC_WARN_ABOUT_RETURN_TYPE = YES_ERROR;
				GCC_WARN_UNDECLARED_SELECTOR = YES;
				GCC_WARN_UNINITIALIZED_AUTOS = YES_AGGRESSIVE;
				GCC_WARN_UNUSED_FUNCTION = YES;
				GCC_WARN_UNUSED_VARIABLE = YES;
				IPHONEOS_DEPLOYMENT_TARGET = 7.1;
				ONLY_ACTIVE_ARCH = YES;
				SDKROOT = iphoneos;
			};
			name = Debug;
		};
		F3AA0561198E28B200079699 /* Release */ = {
			isa = XCBuildConfiguration;
			buildSettings = {
				ALWAYS_SEARCH_USER_PATHS = NO;
				CLANG_CXX_LANGUAGE_STANDARD = "gnu++0x";
				CLANG_CXX_LIBRARY = "libc++";
				CLANG_ENABLE_MODULES = YES;
				CLANG_ENABLE_OBJC_ARC = YES;
				CLANG_WARN_BOOL_CONVERSION = YES;
				CLANG_WARN_CONSTANT_CONVERSION = YES;
				CLANG_WARN_DIRECT_OBJC_ISA_USAGE = YES_ERROR;
				CLANG_WARN_EMPTY_BODY = YES;
				CLANG_WARN_ENUM_CONVERSION = YES;
				CLANG_WARN_INT_CONVERSION = YES;
				CLANG_WARN_OBJC_ROOT_CLASS = YES_ERROR;
				CLANG_WARN__DUPLICATE_METHOD_MATCH = YES;
				"CODE_SIGN_IDENTITY[sdk=iphoneos*]" = "iPhone Developer";
				COPY_PHASE_STRIP = YES;
				ENABLE_NS_ASSERTIONS = NO;
				GCC_C_LANGUAGE_STANDARD = gnu99;
				GCC_WARN_64_TO_32_BIT_CONVERSION = YES;
				GCC_WARN_ABOUT_RETURN_TYPE = YES_ERROR;
				GCC_WARN_UNDECLARED_SELECTOR = YES;
				GCC_WARN_UNINITIALIZED_AUTOS = YES_AGGRESSIVE;
				GCC_WARN_UNUSED_FUNCTION = YES;
				GCC_WARN_UNUSED_VARIABLE = YES;
				IPHONEOS_DEPLOYMENT_TARGET = 7.1;
				SDKROOT = iphoneos;
				VALIDATE_PRODUCT = YES;
			};
			name = Release;
		};
		F3AA0563198E28B200079699 /* Debug */ = {
			isa = XCBuildConfiguration;
			buildSettings = {
				ASSETCATALOG_COMPILER_APPICON_NAME = AppIcon;
				ASSETCATALOG_COMPILER_LAUNCHIMAGE_NAME = LaunchImage;
				GCC_PRECOMPILE_PREFIX_HEADER = YES;
				GCC_PREFIX_HEADER = "BeautyApp/BeautyApp-Prefix.pch";
				INFOPLIST_FILE = "BeautyApp/BeautyApp-Info.plist";
				PRODUCT_NAME = "$(TARGET_NAME)";
				WRAPPER_EXTENSION = app;
			};
			name = Debug;
		};
		F3AA0564198E28B200079699 /* Release */ = {
			isa = XCBuildConfiguration;
			buildSettings = {
				ASSETCATALOG_COMPILER_APPICON_NAME = AppIcon;
				ASSETCATALOG_COMPILER_LAUNCHIMAGE_NAME = LaunchImage;
				GCC_PRECOMPILE_PREFIX_HEADER = YES;
				GCC_PREFIX_HEADER = "BeautyApp/BeautyApp-Prefix.pch";
				INFOPLIST_FILE = "BeautyApp/BeautyApp-Info.plist";
				PRODUCT_NAME = "$(TARGET_NAME)";
				WRAPPER_EXTENSION = app;
			};
			name = Release;
		};
		F3AA0566198E28B200079699 /* Debug */ = {
			isa = XCBuildConfiguration;
			buildSettings = {
				BUNDLE_LOADER = "$(BUILT_PRODUCTS_DIR)/BeautyApp.app/BeautyApp";
				FRAMEWORK_SEARCH_PATHS = (
					"$(SDKROOT)/Developer/Library/Frameworks",
					"$(inherited)",
					"$(DEVELOPER_FRAMEWORKS_DIR)",
				);
				GCC_PRECOMPILE_PREFIX_HEADER = YES;
				GCC_PREFIX_HEADER = "BeautyApp/BeautyApp-Prefix.pch";
				GCC_PREPROCESSOR_DEFINITIONS = (
					"DEBUG=1",
					"$(inherited)",
				);
				INFOPLIST_FILE = "BeautyAppTests/BeautyAppTests-Info.plist";
				PRODUCT_NAME = "$(TARGET_NAME)";
				TEST_HOST = "$(BUNDLE_LOADER)";
				WRAPPER_EXTENSION = xctest;
			};
			name = Debug;
		};
		F3AA0567198E28B200079699 /* Release */ = {
			isa = XCBuildConfiguration;
			buildSettings = {
				BUNDLE_LOADER = "$(BUILT_PRODUCTS_DIR)/BeautyApp.app/BeautyApp";
				FRAMEWORK_SEARCH_PATHS = (
					"$(SDKROOT)/Developer/Library/Frameworks",
					"$(inherited)",
					"$(DEVELOPER_FRAMEWORKS_DIR)",
				);
				GCC_PRECOMPILE_PREFIX_HEADER = YES;
				GCC_PREFIX_HEADER = "BeautyApp/BeautyApp-Prefix.pch";
				INFOPLIST_FILE = "BeautyAppTests/BeautyAppTests-Info.plist";
				PRODUCT_NAME = "$(TARGET_NAME)";
				TEST_HOST = "$(BUNDLE_LOADER)";
				WRAPPER_EXTENSION = xctest;
			};
			name = Release;
		};
/* End XCBuildConfiguration section */

/* Begin XCConfigurationList section */
		F3AA0531198E28B200079699 /* Build configuration list for PBXProject "BeautyApp" */ = {
			isa = XCConfigurationList;
			buildConfigurations = (
				F3AA0560198E28B200079699 /* Debug */,
				F3AA0561198E28B200079699 /* Release */,
			);
			defaultConfigurationIsVisible = 0;
			defaultConfigurationName = Release;
		};
		F3AA0562198E28B200079699 /* Build configuration list for PBXNativeTarget "BeautyApp" */ = {
			isa = XCConfigurationList;
			buildConfigurations = (
				F3AA0563198E28B200079699 /* Debug */,
				F3AA0564198E28B200079699 /* Release */,
			);
			defaultConfigurationIsVisible = 0;
		};
		F3AA0565198E28B200079699 /* Build configuration list for PBXNativeTarget "BeautyAppTests" */ = {
			isa = XCConfigurationList;
			buildConfigurations = (
				F3AA0566198E28B200079699 /* Debug */,
				F3AA0567198E28B200079699 /* Release */,
			);
			defaultConfigurationIsVisible = 0;
		};
/* End XCConfigurationList section */
	};
	rootObject = F3AA052E198E28B200079699 /* Project object */;
}
