// !$*UTF8*$!
{
	archiveVersion = 1;
	classes = {
	};
	objectVersion = 46;
	objects = {

/* Begin PBXBuildFile section */
		CA1696F0D0CF4F6DAE6BBA36 /* libPods.a in Frameworks */ = {isa = PBXBuildFile; fileRef = A03EBD6E4C6C45F59F87F012 /* libPods.a */; };
		F3AA053A198E28B200079699 /* Foundation.framework in Frameworks */ = {isa = PBXBuildFile; fileRef = F3AA0539198E28B200079699 /* Foundation.framework */; };
		F3AA053C198E28B200079699 /* CoreGraphics.framework in Frameworks */ = {isa = PBXBuildFile; fileRef = F3AA053B198E28B200079699 /* CoreGraphics.framework */; };
		F3AA053E198E28B200079699 /* UIKit.framework in Frameworks */ = {isa = PBXBuildFile; fileRef = F3AA053D198E28B200079699 /* UIKit.framework */; };
		F3AA0544198E28B200079699 /* InfoPlist.strings in Resources */ = {isa = PBXBuildFile; fileRef = F3AA0542198E28B200079699 /* InfoPlist.strings */; };
		F3AA0546198E28B200079699 /* main.m in Sources */ = {isa = PBXBuildFile; fileRef = F3AA0545198E28B200079699 /* main.m */; };
		F3AA054A198E28B200079699 /* BAPAppDelegate.m in Sources */ = {isa = PBXBuildFile; fileRef = F3AA0549198E28B200079699 /* BAPAppDelegate.m */; };
		F3AA054C198E28B200079699 /* Images.xcassets in Resources */ = {isa = PBXBuildFile; fileRef = F3AA054B198E28B200079699 /* Images.xcassets */; };
		F3AA0553198E28B200079699 /* XCTest.framework in Frameworks */ = {isa = PBXBuildFile; fileRef = F3AA0552198E28B200079699 /* XCTest.framework */; };
		F3AA0554198E28B200079699 /* Foundation.framework in Frameworks */ = {isa = PBXBuildFile; fileRef = F3AA0539198E28B200079699 /* Foundation.framework */; };
		F3AA0555198E28B200079699 /* UIKit.framework in Frameworks */ = {isa = PBXBuildFile; fileRef = F3AA053D198E28B200079699 /* UIKit.framework */; };
		F3AA055D198E28B200079699 /* InfoPlist.strings in Resources */ = {isa = PBXBuildFile; fileRef = F3AA055B198E28B200079699 /* InfoPlist.strings */; };
		F3AA055F198E28B200079699 /* BeautyAppTests.m in Sources */ = {isa = PBXBuildFile; fileRef = F3AA055E198E28B200079699 /* BeautyAppTests.m */; };
		F3AA056A198E295300079699 /* CoreLocation.framework in Frameworks */ = {isa = PBXBuildFile; fileRef = F3AA0568198E295300079699 /* CoreLocation.framework */; };
		F3AA056B198E295300079699 /* MapKit.framework in Frameworks */ = {isa = PBXBuildFile; fileRef = F3AA0569198E295300079699 /* MapKit.framework */; };
		F3D83CA0198E4781007BAC70 /* BAPBeauticianAdressModel.m in Sources */ = {isa = PBXBuildFile; fileRef = F3D83C9B198E4781007BAC70 /* BAPBeauticianAdressModel.m */; };
		F3D83CA1198E4781007BAC70 /* BAPBeauticianRatingModel.m in Sources */ = {isa = PBXBuildFile; fileRef = F3D83C9D198E4781007BAC70 /* BAPBeauticianRatingModel.m */; };
		F3D83CA2198E4781007BAC70 /* BAPBeauticianModel.m in Sources */ = {isa = PBXBuildFile; fileRef = F3D83C9F198E4781007BAC70 /* BAPBeauticianModel.m */; };
		F3D83CA8198E47D2007BAC70 /* BAPGetMapsLocationsIndicatorsModel.m in Sources */ = {isa = PBXBuildFile; fileRef = F3D83CA5198E47D2007BAC70 /* BAPGetMapsLocationsIndicatorsModel.m */; };
		F3D83CA9198E47D2007BAC70 /* BAPGetMapsLocationsIndicatorsResults.m in Sources */ = {isa = PBXBuildFile; fileRef = F3D83CA7198E47D2007BAC70 /* BAPGetMapsLocationsIndicatorsResults.m */; };
		F3D83CB6198E47F7007BAC70 /* BAPRateView.m in Sources */ = {isa = PBXBuildFile; fileRef = F3D83CAA198E47F7007BAC70 /* BAPRateView.m */; };
		F3D83CB7198E47F7007BAC70 /* BAPBusiness.m in Sources */ = {isa = PBXBuildFile; fileRef = F3D83CAC198E47F7007BAC70 /* BAPBusiness.m */; };
		F3D83CB8198E47F7007BAC70 /* BAPBusinessServices.m in Sources */ = {isa = PBXBuildFile; fileRef = F3D83CAF198E47F7007BAC70 /* BAPBusinessServices.m */; };
		F3D83CB9198E47F7007BAC70 /* BAPMapViewAnnotation.m in Sources */ = {isa = PBXBuildFile; fileRef = F3D83CB1198E47F7007BAC70 /* BAPMapViewAnnotation.m */; };
		F3D83CBA198E47F7007BAC70 /* BAPBusinessAdress.m in Sources */ = {isa = PBXBuildFile; fileRef = F3D83CB3198E47F7007BAC70 /* BAPBusinessAdress.m */; };
		F3D83CBB198E47F7007BAC70 /* BAPBusinessRating.m in Sources */ = {isa = PBXBuildFile; fileRef = F3D83CB5198E47F7007BAC70 /* BAPBusinessRating.m */; };
		F3D83CBF198E4847007BAC70 /* Main.storyboard in Resources */ = {isa = PBXBuildFile; fileRef = F3D83CBE198E4847007BAC70 /* Main.storyboard */; };
		F3D83CC9198E487F007BAC70 /* BAPBusinessOnMapCell.xib in Resources */ = {isa = PBXBuildFile; fileRef = F3D83CC0198E487F007BAC70 /* BAPBusinessOnMapCell.xib */; };
		F3D83CCA198E487F007BAC70 /* BAPBusinessOnMapCell.m in Sources */ = {isa = PBXBuildFile; fileRef = F3D83CC2198E487F007BAC70 /* BAPBusinessOnMapCell.m */; };
		F3D83CCB198E487F007BAC70 /* BAPTreatmentCell.m in Sources */ = {isa = PBXBuildFile; fileRef = F3D83CC4198E487F007BAC70 /* BAPTreatmentCell.m */; };
		F3D83CCC198E487F007BAC70 /* BAPTreatmentCell.xib in Resources */ = {isa = PBXBuildFile; fileRef = F3D83CC5198E487F007BAC70 /* BAPTreatmentCell.xib */; };
		F3D83CCD198E487F007BAC70 /* BAPTreatmentHistoryCell.m in Sources */ = {isa = PBXBuildFile; fileRef = F3D83CC7198E487F007BAC70 /* BAPTreatmentHistoryCell.m */; };
		F3D83CCE198E487F007BAC70 /* BAPTreatmentHistoryCell.xib in Resources */ = {isa = PBXBuildFile; fileRef = F3D83CC8198E487F007BAC70 /* BAPTreatmentHistoryCell.xib */; };
		F3D83CE1198E48A1007BAC70 /* BAPForHowSelectionV.m in Sources */ = {isa = PBXBuildFile; fileRef = F3D83CD0198E48A1007BAC70 /* BAPForHowSelectionV.m */; };
		F3D83CE2198E48A1007BAC70 /* BAPForHowSelectionV.xib in Resources */ = {isa = PBXBuildFile; fileRef = F3D83CD1198E48A1007BAC70 /* BAPForHowSelectionV.xib */; };
		F3D83CE3198E48A1007BAC70 /* BAPWhenSelectionV.m in Sources */ = {isa = PBXBuildFile; fileRef = F3D83CD3198E48A1007BAC70 /* BAPWhenSelectionV.m */; };
		F3D83CE4198E48A1007BAC70 /* BAPWhenSelectionV.xib in Resources */ = {isa = PBXBuildFile; fileRef = F3D83CD4198E48A1007BAC70 /* BAPWhenSelectionV.xib */; };
		F3D83CE5198E48A1007BAC70 /* BAPLocationSelectionV.m in Sources */ = {isa = PBXBuildFile; fileRef = F3D83CD6198E48A1007BAC70 /* BAPLocationSelectionV.m */; };
		F3D83CE6198E48A1007BAC70 /* BAPLocationSelectionV.xib in Resources */ = {isa = PBXBuildFile; fileRef = F3D83CD7198E48A1007BAC70 /* BAPLocationSelectionV.xib */; };
		F3D83CE7198E48A1007BAC70 /* BAPCommentsV.m in Sources */ = {isa = PBXBuildFile; fileRef = F3D83CD9198E48A1007BAC70 /* BAPCommentsV.m */; };
		F3D83CE8198E48A1007BAC70 /* BAPCommentsV.xib in Resources */ = {isa = PBXBuildFile; fileRef = F3D83CDA198E48A1007BAC70 /* BAPCommentsV.xib */; };
		F3D83CE9198E48A1007BAC70 /* BAPDateSelectionV.m in Sources */ = {isa = PBXBuildFile; fileRef = F3D83CDC198E48A1007BAC70 /* BAPDateSelectionV.m */; };
		F3D83CEA198E48A1007BAC70 /* BAPDateSelectionV.xib in Resources */ = {isa = PBXBuildFile; fileRef = F3D83CDD198E48A1007BAC70 /* BAPDateSelectionV.xib */; };
		F3D83CEB198E48A1007BAC70 /* BAPMenuV.m in Sources */ = {isa = PBXBuildFile; fileRef = F3D83CDF198E48A1007BAC70 /* BAPMenuV.m */; };
		F3D83CEC198E48A1007BAC70 /* BAPMenuV.xib in Resources */ = {isa = PBXBuildFile; fileRef = F3D83CE0198E48A1007BAC70 /* BAPMenuV.xib */; };
		F3D83CF2198E48F7007BAC70 /* BAPBaseReservationVC.m in Sources */ = {isa = PBXBuildFile; fileRef = F3D83CEF198E48F7007BAC70 /* BAPBaseReservationVC.m */; };
		F3D83CF3198E48F7007BAC70 /* BAPBaseVC.m in Sources */ = {isa = PBXBuildFile; fileRef = F3D83CF1198E48F7007BAC70 /* BAPBaseVC.m */; };
		F3D83D0A198E4910007BAC70 /* BAPReservationVC.m in Sources */ = {isa = PBXBuildFile; fileRef = F3D83CF5198E4910007BAC70 /* BAPReservationVC.m */; };
		F3D83D0B198E4910007BAC70 /* BAPTreatmentVC.m in Sources */ = {isa = PBXBuildFile; fileRef = F3D83CF7198E4910007BAC70 /* BAPTreatmentVC.m */; };
		F3D83D0C198E4910007BAC70 /* BAPMainVC.m in Sources */ = {isa = PBXBuildFile; fileRef = F3D83CF9198E4910007BAC70 /* BAPMainVC.m */; };
		F3D83D0D198E4910007BAC70 /* BAPBeauticianVC.m in Sources */ = {isa = PBXBuildFile; fileRef = F3D83CFB198E4910007BAC70 /* BAPBeauticianVC.m */; };
		F3D83D0E198E4910007BAC70 /* BAPBeauticianSearchVC.m in Sources */ = {isa = PBXBuildFile; fileRef = F3D83CFD198E4910007BAC70 /* BAPBeauticianSearchVC.m */; };
		F3D83D0F198E4910007BAC70 /* BAPBeauticianSearchResultsVC.m in Sources */ = {isa = PBXBuildFile; fileRef = F3D83CFF198E4910007BAC70 /* BAPBeauticianSearchResultsVC.m */; };
		F3D83D10198E4910007BAC70 /* BAPUserProfileVC.m in Sources */ = {isa = PBXBuildFile; fileRef = F3D83D01198E4910007BAC70 /* BAPUserProfileVC.m */; };
		F3D83D11198E4910007BAC70 /* BAPUserTreatmentHistoryVC.m in Sources */ = {isa = PBXBuildFile; fileRef = F3D83D03198E4910007BAC70 /* BAPUserTreatmentHistoryVC.m */; };
		F3D83D12198E4910007BAC70 /* BAPRegulationsCV.m in Sources */ = {isa = PBXBuildFile; fileRef = F3D83D05198E4910007BAC70 /* BAPRegulationsCV.m */; };
		F3D83D13198E4910007BAC70 /* BAPWalkthroughContentVC.m in Sources */ = {isa = PBXBuildFile; fileRef = F3D83D07198E4910007BAC70 /* BAPWalkthroughContentVC.m */; };
		F3D83D14198E4910007BAC70 /* BAPWalkthroughVC.m in Sources */ = {isa = PBXBuildFile; fileRef = F3D83D09198E4910007BAC70 /* BAPWalkthroughVC.m */; };
		F3D83D19198E4946007BAC70 /* BAPStaticData.m in Sources */ = {isa = PBXBuildFile; fileRef = F3D83D16198E4946007BAC70 /* BAPStaticData.m */; };
		F3D83D1A198E4946007BAC70 /* UIView+Layout.m in Sources */ = {isa = PBXBuildFile; fileRef = F3D83D18198E4946007BAC70 /* UIView+Layout.m */; };
/* End PBXBuildFile section */

/* Begin PBXContainerItemProxy section */
		F3AA0556198E28B200079699 /* PBXContainerItemProxy */ = {
			isa = PBXContainerItemProxy;
			containerPortal = F3AA052E198E28B200079699 /* Project object */;
			proxyType = 1;
			remoteGlobalIDString = F3AA0535198E28B200079699;
			remoteInfo = BeautyApp;
		};
/* End PBXContainerItemProxy section */

/* Begin PBXFileReference section */
		3029216296514C8B8814007C /* Pods.xcconfig */ = {isa = PBXFileReference; includeInIndex = 1; lastKnownFileType = text.xcconfig; name = Pods.xcconfig; path = Pods/Pods.xcconfig; sourceTree = "<group>"; };
		A03EBD6E4C6C45F59F87F012 /* libPods.a */ = {isa = PBXFileReference; explicitFileType = archive.ar; includeInIndex = 0; path = libPods.a; sourceTree = BUILT_PRODUCTS_DIR; };
		F3AA0536198E28B200079699 /* BeautyApp.app */ = {isa = PBXFileReference; explicitFileType = wrapper.application; includeInIndex = 0; path = BeautyApp.app; sourceTree = BUILT_PRODUCTS_DIR; };
		F3AA0539198E28B200079699 /* Foundation.framework */ = {isa = PBXFileReference; lastKnownFileType = wrapper.framework; name = Foundation.framework; path = System/Library/Frameworks/Foundation.framework; sourceTree = SDKROOT; };
		F3AA053B198E28B200079699 /* CoreGraphics.framework */ = {isa = PBXFileReference; lastKnownFileType = wrapper.framework; name = CoreGraphics.framework; path = System/Library/Frameworks/CoreGraphics.framework; sourceTree = SDKROOT; };
		F3AA053D198E28B200079699 /* UIKit.framework */ = {isa = PBXFileReference; lastKnownFileType = wrapper.framework; name = UIKit.framework; path = System/Library/Frameworks/UIKit.framework; sourceTree = SDKROOT; };
		F3AA0541198E28B200079699 /* BeautyApp-Info.plist */ = {isa = PBXFileReference; lastKnownFileType = text.plist.xml; path = "BeautyApp-Info.plist"; sourceTree = "<group>"; };
		F3AA0543198E28B200079699 /* en */ = {isa = PBXFileReference; lastKnownFileType = text.plist.strings; name = en; path = en.lproj/InfoPlist.strings; sourceTree = "<group>"; };
		F3AA0545198E28B200079699 /* main.m */ = {isa = PBXFileReference; lastKnownFileType = sourcecode.c.objc; path = main.m; sourceTree = "<group>"; };
		F3AA0547198E28B200079699 /* BeautyApp-Prefix.pch */ = {isa = PBXFileReference; lastKnownFileType = sourcecode.c.h; path = "BeautyApp-Prefix.pch"; sourceTree = "<group>"; };
		F3AA0548198E28B200079699 /* BAPAppDelegate.h */ = {isa = PBXFileReference; lastKnownFileType = sourcecode.c.h; path = BAPAppDelegate.h; sourceTree = "<group>"; };
		F3AA0549198E28B200079699 /* BAPAppDelegate.m */ = {isa = PBXFileReference; lastKnownFileType = sourcecode.c.objc; path = BAPAppDelegate.m; sourceTree = "<group>"; };
		F3AA054B198E28B200079699 /* Images.xcassets */ = {isa = PBXFileReference; lastKnownFileType = folder.assetcatalog; path = Images.xcassets; sourceTree = "<group>"; };
		F3AA0551198E28B200079699 /* BeautyAppTests.xctest */ = {isa = PBXFileReference; explicitFileType = wrapper.cfbundle; includeInIndex = 0; path = BeautyAppTests.xctest; sourceTree = BUILT_PRODUCTS_DIR; };
		F3AA0552198E28B200079699 /* XCTest.framework */ = {isa = PBXFileReference; lastKnownFileType = wrapper.framework; name = XCTest.framework; path = Library/Frameworks/XCTest.framework; sourceTree = DEVELOPER_DIR; };
		F3AA055A198E28B200079699 /* BeautyAppTests-Info.plist */ = {isa = PBXFileReference; lastKnownFileType = text.plist.xml; path = "BeautyAppTests-Info.plist"; sourceTree = "<group>"; };
		F3AA055C198E28B200079699 /* en */ = {isa = PBXFileReference; lastKnownFileType = text.plist.strings; name = en; path = en.lproj/InfoPlist.strings; sourceTree = "<group>"; };
		F3AA055E198E28B200079699 /* BeautyAppTests.m */ = {isa = PBXFileReference; lastKnownFileType = sourcecode.c.objc; path = BeautyAppTests.m; sourceTree = "<group>"; };
		F3AA0568198E295300079699 /* CoreLocation.framework */ = {isa = PBXFileReference; lastKnownFileType = wrapper.framework; name = CoreLocation.framework; path = System/Library/Frameworks/CoreLocation.framework; sourceTree = SDKROOT; };
		F3AA0569198E295300079699 /* MapKit.framework */ = {isa = PBXFileReference; lastKnownFileType = wrapper.framework; name = MapKit.framework; path = System/Library/Frameworks/MapKit.framework; sourceTree = SDKROOT; };
		F3D83C9A198E4781007BAC70 /* BAPBeauticianAdressModel.h */ = {isa = PBXFileReference; fileEncoding = 4; lastKnownFileType = sourcecode.c.h; path = BAPBeauticianAdressModel.h; sourceTree = "<group>"; };
		F3D83C9B198E4781007BAC70 /* BAPBeauticianAdressModel.m */ = {isa = PBXFileReference; fileEncoding = 4; lastKnownFileType = sourcecode.c.objc; path = BAPBeauticianAdressModel.m; sourceTree = "<group>"; };
		F3D83C9C198E4781007BAC70 /* BAPBeauticianRatingModel.h */ = {isa = PBXFileReference; fileEncoding = 4; lastKnownFileType = sourcecode.c.h; path = BAPBeauticianRatingModel.h; sourceTree = "<group>"; };
		F3D83C9D198E4781007BAC70 /* BAPBeauticianRatingModel.m */ = {isa = PBXFileReference; fileEncoding = 4; lastKnownFileType = sourcecode.c.objc; path = BAPBeauticianRatingModel.m; sourceTree = "<group>"; };
		F3D83C9E198E4781007BAC70 /* BAPBeauticianModel.h */ = {isa = PBXFileReference; fileEncoding = 4; lastKnownFileType = sourcecode.c.h; path = BAPBeauticianModel.h; sourceTree = "<group>"; };
		F3D83C9F198E4781007BAC70 /* BAPBeauticianModel.m */ = {isa = PBXFileReference; fileEncoding = 4; lastKnownFileType = sourcecode.c.objc; path = BAPBeauticianModel.m; sourceTree = "<group>"; };
		F3D83CA4198E47D2007BAC70 /* BAPGetMapsLocationsIndicatorsModel.h */ = {isa = PBXFileReference; fileEncoding = 4; lastKnownFileType = sourcecode.c.h; path = BAPGetMapsLocationsIndicatorsModel.h; sourceTree = "<group>"; };
		F3D83CA5198E47D2007BAC70 /* BAPGetMapsLocationsIndicatorsModel.m */ = {isa = PBXFileReference; fileEncoding = 4; lastKnownFileType = sourcecode.c.objc; path = BAPGetMapsLocationsIndicatorsModel.m; sourceTree = "<group>"; };
		F3D83CA6198E47D2007BAC70 /* BAPGetMapsLocationsIndicatorsResults.h */ = {isa = PBXFileReference; fileEncoding = 4; lastKnownFileType = sourcecode.c.h; path = BAPGetMapsLocationsIndicatorsResults.h; sourceTree = "<group>"; };
		F3D83CA7198E47D2007BAC70 /* BAPGetMapsLocationsIndicatorsResults.m */ = {isa = PBXFileReference; fileEncoding = 4; lastKnownFileType = sourcecode.c.objc; path = BAPGetMapsLocationsIndicatorsResults.m; sourceTree = "<group>"; };
		F3D83CAA198E47F7007BAC70 /* BAPRateView.m */ = {isa = PBXFileReference; fileEncoding = 4; lastKnownFileType = sourcecode.c.objc; path = BAPRateView.m; sourceTree = "<group>"; };
		F3D83CAB198E47F7007BAC70 /* BAPRateView.h */ = {isa = PBXFileReference; fileEncoding = 4; lastKnownFileType = sourcecode.c.h; path = BAPRateView.h; sourceTree = "<group>"; };
		F3D83CAC198E47F7007BAC70 /* BAPBusiness.m */ = {isa = PBXFileReference; fileEncoding = 4; lastKnownFileType = sourcecode.c.objc; path = BAPBusiness.m; sourceTree = "<group>"; };
		F3D83CAD198E47F7007BAC70 /* BAPBusiness.h */ = {isa = PBXFileReference; fileEncoding = 4; lastKnownFileType = sourcecode.c.h; path = BAPBusiness.h; sourceTree = "<group>"; };
		F3D83CAE198E47F7007BAC70 /* BAPBusinessServices.h */ = {isa = PBXFileReference; fileEncoding = 4; lastKnownFileType = sourcecode.c.h; path = BAPBusinessServices.h; sourceTree = "<group>"; };
		F3D83CAF198E47F7007BAC70 /* BAPBusinessServices.m */ = {isa = PBXFileReference; fileEncoding = 4; lastKnownFileType = sourcecode.c.objc; path = BAPBusinessServices.m; sourceTree = "<group>"; };
		F3D83CB0198E47F7007BAC70 /* BAPMapViewAnnotation.h */ = {isa = PBXFileReference; fileEncoding = 4; lastKnownFileType = sourcecode.c.h; path = BAPMapViewAnnotation.h; sourceTree = "<group>"; };
		F3D83CB1198E47F7007BAC70 /* BAPMapViewAnnotation.m */ = {isa = PBXFileReference; fileEncoding = 4; lastKnownFileType = sourcecode.c.objc; path = BAPMapViewAnnotation.m; sourceTree = "<group>"; };
		F3D83CB2198E47F7007BAC70 /* BAPBusinessAdress.h */ = {isa = PBXFileReference; fileEncoding = 4; lastKnownFileType = sourcecode.c.h; path = BAPBusinessAdress.h; sourceTree = "<group>"; };
		F3D83CB3198E47F7007BAC70 /* BAPBusinessAdress.m */ = {isa = PBXFileReference; fileEncoding = 4; lastKnownFileType = sourcecode.c.objc; path = BAPBusinessAdress.m; sourceTree = "<group>"; };
		F3D83CB4198E47F7007BAC70 /* BAPBusinessRating.h */ = {isa = PBXFileReference; fileEncoding = 4; lastKnownFileType = sourcecode.c.h; path = BAPBusinessRating.h; sourceTree = "<group>"; };
		F3D83CB5198E47F7007BAC70 /* BAPBusinessRating.m */ = {isa = PBXFileReference; fileEncoding = 4; lastKnownFileType = sourcecode.c.objc; path = BAPBusinessRating.m; sourceTree = "<group>"; };
		F3D83CBE198E4847007BAC70 /* Main.storyboard */ = {isa = PBXFileReference; fileEncoding = 4; lastKnownFileType = file.storyboard; path = Main.storyboard; sourceTree = "<group>"; };
		F3D83CC0198E487F007BAC70 /* BAPBusinessOnMapCell.xib */ = {isa = PBXFileReference; fileEncoding = 4; lastKnownFileType = file.xib; path = BAPBusinessOnMapCell.xib; sourceTree = "<group>"; };
		F3D83CC1198E487F007BAC70 /* BAPBusinessOnMapCell.h */ = {isa = PBXFileReference; fileEncoding = 4; lastKnownFileType = sourcecode.c.h; path = BAPBusinessOnMapCell.h; sourceTree = "<group>"; };
		F3D83CC2198E487F007BAC70 /* BAPBusinessOnMapCell.m */ = {isa = PBXFileReference; fileEncoding = 4; lastKnownFileType = sourcecode.c.objc; path = BAPBusinessOnMapCell.m; sourceTree = "<group>"; };
		F3D83CC3198E487F007BAC70 /* BAPTreatmentCell.h */ = {isa = PBXFileReference; fileEncoding = 4; lastKnownFileType = sourcecode.c.h; path = BAPTreatmentCell.h; sourceTree = "<group>"; };
		F3D83CC4198E487F007BAC70 /* BAPTreatmentCell.m */ = {isa = PBXFileReference; fileEncoding = 4; lastKnownFileType = sourcecode.c.objc; path = BAPTreatmentCell.m; sourceTree = "<group>"; };
		F3D83CC5198E487F007BAC70 /* BAPTreatmentCell.xib */ = {isa = PBXFileReference; fileEncoding = 4; lastKnownFileType = file.xib; path = BAPTreatmentCell.xib; sourceTree = "<group>"; };
		F3D83CC6198E487F007BAC70 /* BAPTreatmentHistoryCell.h */ = {isa = PBXFileReference; fileEncoding = 4; lastKnownFileType = sourcecode.c.h; path = BAPTreatmentHistoryCell.h; sourceTree = "<group>"; };
		F3D83CC7198E487F007BAC70 /* BAPTreatmentHistoryCell.m */ = {isa = PBXFileReference; fileEncoding = 4; lastKnownFileType = sourcecode.c.objc; path = BAPTreatmentHistoryCell.m; sourceTree = "<group>"; };
		F3D83CC8198E487F007BAC70 /* BAPTreatmentHistoryCell.xib */ = {isa = PBXFileReference; fileEncoding = 4; lastKnownFileType = file.xib; path = BAPTreatmentHistoryCell.xib; sourceTree = "<group>"; };
		F3D83CCF198E48A1007BAC70 /* BAPForHowSelectionV.h */ = {isa = PBXFileReference; fileEncoding = 4; lastKnownFileType = sourcecode.c.h; path = BAPForHowSelectionV.h; sourceTree = "<group>"; };
		F3D83CD0198E48A1007BAC70 /* BAPForHowSelectionV.m */ = {isa = PBXFileReference; fileEncoding = 4; lastKnownFileType = sourcecode.c.objc; path = BAPForHowSelectionV.m; sourceTree = "<group>"; };
		F3D83CD1198E48A1007BAC70 /* BAPForHowSelectionV.xib */ = {isa = PBXFileReference; fileEncoding = 4; lastKnownFileType = file.xib; path = BAPForHowSelectionV.xib; sourceTree = "<group>"; };
		F3D83CD2198E48A1007BAC70 /* BAPWhenSelectionV.h */ = {isa = PBXFileReference; fileEncoding = 4; lastKnownFileType = sourcecode.c.h; path = BAPWhenSelectionV.h; sourceTree = "<group>"; };
		F3D83CD3198E48A1007BAC70 /* BAPWhenSelectionV.m */ = {isa = PBXFileReference; fileEncoding = 4; lastKnownFileType = sourcecode.c.objc; path = BAPWhenSelectionV.m; sourceTree = "<group>"; };
		F3D83CD4198E48A1007BAC70 /* BAPWhenSelectionV.xib */ = {isa = PBXFileReference; fileEncoding = 4; lastKnownFileType = file.xib; path = BAPWhenSelectionV.xib; sourceTree = "<group>"; };
		F3D83CD5198E48A1007BAC70 /* BAPLocationSelectionV.h */ = {isa = PBXFileReference; fileEncoding = 4; lastKnownFileType = sourcecode.c.h; path = BAPLocationSelectionV.h; sourceTree = "<group>"; };
		F3D83CD6198E48A1007BAC70 /* BAPLocationSelectionV.m */ = {isa = PBXFileReference; fileEncoding = 4; lastKnownFileType = sourcecode.c.objc; path = BAPLocationSelectionV.m; sourceTree = "<group>"; };
		F3D83CD7198E48A1007BAC70 /* BAPLocationSelectionV.xib */ = {isa = PBXFileReference; fileEncoding = 4; lastKnownFileType = file.xib; path = BAPLocationSelectionV.xib; sourceTree = "<group>"; };
		F3D83CD8198E48A1007BAC70 /* BAPCommentsV.h */ = {isa = PBXFileReference; fileEncoding = 4; lastKnownFileType = sourcecode.c.h; path = BAPCommentsV.h; sourceTree = "<group>"; };
		F3D83CD9198E48A1007BAC70 /* BAPCommentsV.m */ = {isa = PBXFileReference; fileEncoding = 4; lastKnownFileType = sourcecode.c.objc; path = BAPCommentsV.m; sourceTree = "<group>"; };
		F3D83CDA198E48A1007BAC70 /* BAPCommentsV.xib */ = {isa = PBXFileReference; fileEncoding = 4; lastKnownFileType = file.xib; path = BAPCommentsV.xib; sourceTree = "<group>"; };
		F3D83CDB198E48A1007BAC70 /* BAPDateSelectionV.h */ = {isa = PBXFileReference; fileEncoding = 4; lastKnownFileType = sourcecode.c.h; path = BAPDateSelectionV.h; sourceTree = "<group>"; };
		F3D83CDC198E48A1007BAC70 /* BAPDateSelectionV.m */ = {isa = PBXFileReference; fileEncoding = 4; lastKnownFileType = sourcecode.c.objc; path = BAPDateSelectionV.m; sourceTree = "<group>"; };
		F3D83CDD198E48A1007BAC70 /* BAPDateSelectionV.xib */ = {isa = PBXFileReference; fileEncoding = 4; lastKnownFileType = file.xib; path = BAPDateSelectionV.xib; sourceTree = "<group>"; };
		F3D83CDE198E48A1007BAC70 /* BAPMenuV.h */ = {isa = PBXFileReference; fileEncoding = 4; lastKnownFileType = sourcecode.c.h; path = BAPMenuV.h; sourceTree = "<group>"; };
		F3D83CDF198E48A1007BAC70 /* BAPMenuV.m */ = {isa = PBXFileReference; fileEncoding = 4; lastKnownFileType = sourcecode.c.objc; path = BAPMenuV.m; sourceTree = "<group>"; };
		F3D83CE0198E48A1007BAC70 /* BAPMenuV.xib */ = {isa = PBXFileReference; fileEncoding = 4; lastKnownFileType = file.xib; path = BAPMenuV.xib; sourceTree = "<group>"; };
		F3D83CEE198E48F7007BAC70 /* BAPBaseReservationVC.h */ = {isa = PBXFileReference; fileEncoding = 4; lastKnownFileType = sourcecode.c.h; path = BAPBaseReservationVC.h; sourceTree = "<group>"; };
		F3D83CEF198E48F7007BAC70 /* BAPBaseReservationVC.m */ = {isa = PBXFileReference; fileEncoding = 4; lastKnownFileType = sourcecode.c.objc; path = BAPBaseReservationVC.m; sourceTree = "<group>"; };
		F3D83CF0198E48F7007BAC70 /* BAPBaseVC.h */ = {isa = PBXFileReference; fileEncoding = 4; lastKnownFileType = sourcecode.c.h; path = BAPBaseVC.h; sourceTree = "<group>"; };
		F3D83CF1198E48F7007BAC70 /* BAPBaseVC.m */ = {isa = PBXFileReference; fileEncoding = 4; lastKnownFileType = sourcecode.c.objc; path = BAPBaseVC.m; sourceTree = "<group>"; };
		F3D83CF4198E4910007BAC70 /* BAPReservationVC.h */ = {isa = PBXFileReference; fileEncoding = 4; lastKnownFileType = sourcecode.c.h; path = BAPReservationVC.h; sourceTree = "<group>"; };
		F3D83CF5198E4910007BAC70 /* BAPReservationVC.m */ = {isa = PBXFileReference; fileEncoding = 4; lastKnownFileType = sourcecode.c.objc; path = BAPReservationVC.m; sourceTree = "<group>"; };
		F3D83CF6198E4910007BAC70 /* BAPTreatmentVC.h */ = {isa = PBXFileReference; fileEncoding = 4; lastKnownFileType = sourcecode.c.h; path = BAPTreatmentVC.h; sourceTree = "<group>"; };
		F3D83CF7198E4910007BAC70 /* BAPTreatmentVC.m */ = {isa = PBXFileReference; fileEncoding = 4; lastKnownFileType = sourcecode.c.objc; path = BAPTreatmentVC.m; sourceTree = "<group>"; };
		F3D83CF8198E4910007BAC70 /* BAPMainVC.h */ = {isa = PBXFileReference; fileEncoding = 4; lastKnownFileType = sourcecode.c.h; path = BAPMainVC.h; sourceTree = "<group>"; };
		F3D83CF9198E4910007BAC70 /* BAPMainVC.m */ = {isa = PBXFileReference; fileEncoding = 4; lastKnownFileType = sourcecode.c.objc; path = BAPMainVC.m; sourceTree = "<group>"; };
		F3D83CFA198E4910007BAC70 /* BAPBeauticianVC.h */ = {isa = PBXFileReference; fileEncoding = 4; lastKnownFileType = sourcecode.c.h; path = BAPBeauticianVC.h; sourceTree = "<group>"; };
		F3D83CFB198E4910007BAC70 /* BAPBeauticianVC.m */ = {isa = PBXFileReference; fileEncoding = 4; lastKnownFileType = sourcecode.c.objc; path = BAPBeauticianVC.m; sourceTree = "<group>"; };
		F3D83CFC198E4910007BAC70 /* BAPBeauticianSearchVC.h */ = {isa = PBXFileReference; fileEncoding = 4; lastKnownFileType = sourcecode.c.h; path = BAPBeauticianSearchVC.h; sourceTree = "<group>"; };
		F3D83CFD198E4910007BAC70 /* BAPBeauticianSearchVC.m */ = {isa = PBXFileReference; fileEncoding = 4; lastKnownFileType = sourcecode.c.objc; path = BAPBeauticianSearchVC.m; sourceTree = "<group>"; };
		F3D83CFE198E4910007BAC70 /* BAPBeauticianSearchResultsVC.h */ = {isa = PBXFileReference; fileEncoding = 4; lastKnownFileType = sourcecode.c.h; path = BAPBeauticianSearchResultsVC.h; sourceTree = "<group>"; };
		F3D83CFF198E4910007BAC70 /* BAPBeauticianSearchResultsVC.m */ = {isa = PBXFileReference; fileEncoding = 4; lastKnownFileType = sourcecode.c.objc; path = BAPBeauticianSearchResultsVC.m; sourceTree = "<group>"; };
		F3D83D00198E4910007BAC70 /* BAPUserProfileVC.h */ = {isa = PBXFileReference; fileEncoding = 4; lastKnownFileType = sourcecode.c.h; path = BAPUserProfileVC.h; sourceTree = "<group>"; };
		F3D83D01198E4910007BAC70 /* BAPUserProfileVC.m */ = {isa = PBXFileReference; fileEncoding = 4; lastKnownFileType = sourcecode.c.objc; path = BAPUserProfileVC.m; sourceTree = "<group>"; };
		F3D83D02198E4910007BAC70 /* BAPUserTreatmentHistoryVC.h */ = {isa = PBXFileReference; fileEncoding = 4; lastKnownFileType = sourcecode.c.h; path = BAPUserTreatmentHistoryVC.h; sourceTree = "<group>"; };
		F3D83D03198E4910007BAC70 /* BAPUserTreatmentHistoryVC.m */ = {isa = PBXFileReference; fileEncoding = 4; lastKnownFileType = sourcecode.c.objc; path = BAPUserTreatmentHistoryVC.m; sourceTree = "<group>"; };
		F3D83D04198E4910007BAC70 /* BAPRegulationsCV.h */ = {isa = PBXFileReference; fileEncoding = 4; lastKnownFileType = sourcecode.c.h; path = BAPRegulationsCV.h; sourceTree = "<group>"; };
		F3D83D05198E4910007BAC70 /* BAPRegulationsCV.m */ = {isa = PBXFileReference; fileEncoding = 4; lastKnownFileType = sourcecode.c.objc; path = BAPRegulationsCV.m; sourceTree = "<group>"; };
		F3D83D06198E4910007BAC70 /* BAPWalkthroughContentVC.h */ = {isa = PBXFileReference; fileEncoding = 4; lastKnownFileType = sourcecode.c.h; path = BAPWalkthroughContentVC.h; sourceTree = "<group>"; };
		F3D83D07198E4910007BAC70 /* BAPWalkthroughContentVC.m */ = {isa = PBXFileReference; fileEncoding = 4; lastKnownFileType = sourcecode.c.objc; path = BAPWalkthroughContentVC.m; sourceTree = "<group>"; };
		F3D83D08198E4910007BAC70 /* BAPWalkthroughVC.h */ = {isa = PBXFileReference; fileEncoding = 4; lastKnownFileType = sourcecode.c.h; path = BAPWalkthroughVC.h; sourceTree = "<group>"; };
		F3D83D09198E4910007BAC70 /* BAPWalkthroughVC.m */ = {isa = PBXFileReference; fileEncoding = 4; lastKnownFileType = sourcecode.c.objc; path = BAPWalkthroughVC.m; sourceTree = "<group>"; };
		F3D83D15198E4946007BAC70 /* BAPStaticData.h */ = {isa = PBXFileReference; fileEncoding = 4; lastKnownFileType = sourcecode.c.h; path = BAPStaticData.h; sourceTree = "<group>"; };
		F3D83D16198E4946007BAC70 /* BAPStaticData.m */ = {isa = PBXFileReference; fileEncoding = 4; lastKnownFileType = sourcecode.c.objc; path = BAPStaticData.m; sourceTree = "<group>"; };
		F3D83D17198E4946007BAC70 /* UIView+Layout.h */ = {isa = PBXFileReference; fileEncoding = 4; lastKnownFileType = sourcecode.c.h; path = "UIView+Layout.h"; sourceTree = "<group>"; };
		F3D83D18198E4946007BAC70 /* UIView+Layout.m */ = {isa = PBXFileReference; fileEncoding = 4; lastKnownFileType = sourcecode.c.objc; path = "UIView+Layout.m"; sourceTree = "<group>"; };
/* End PBXFileReference section */

/* Begin PBXFrameworksBuildPhase section */
		F3AA0533198E28B200079699 /* Frameworks */ = {
			isa = PBXFrameworksBuildPhase;
			buildActionMask = 2147483647;
			files = (
				F3AA056A198E295300079699 /* CoreLocation.framework in Frameworks */,
				F3AA056B198E295300079699 /* MapKit.framework in Frameworks */,
				F3AA053C198E28B200079699 /* CoreGraphics.framework in Frameworks */,
				F3AA053E198E28B200079699 /* UIKit.framework in Frameworks */,
				F3AA053A198E28B200079699 /* Foundation.framework in Frameworks */,
				CA1696F0D0CF4F6DAE6BBA36 /* libPods.a in Frameworks */,
			);
			runOnlyForDeploymentPostprocessing = 0;
		};
		F3AA054E198E28B200079699 /* Frameworks */ = {
			isa = PBXFrameworksBuildPhase;
			buildActionMask = 2147483647;
			files = (
				F3AA0553198E28B200079699 /* XCTest.framework in Frameworks */,
				F3AA0555198E28B200079699 /* UIKit.framework in Frameworks */,
				F3AA0554198E28B200079699 /* Foundation.framework in Frameworks */,
			);
			runOnlyForDeploymentPostprocessing = 0;
		};
/* End PBXFrameworksBuildPhase section */

/* Begin PBXGroup section */
		F3AA052D198E28B200079699 = {
			isa = PBXGroup;
			children = (
				F3AA053F198E28B200079699 /* BeautyApp */,
				F3AA0558198E28B200079699 /* BeautyAppTests */,
				F3AA0538198E28B200079699 /* Frameworks */,
				F3AA0537198E28B200079699 /* Products */,
				3029216296514C8B8814007C /* Pods.xcconfig */,
			);
			sourceTree = "<group>";
		};
		F3AA0537198E28B200079699 /* Products */ = {
			isa = PBXGroup;
			children = (
				F3AA0536198E28B200079699 /* BeautyApp.app */,
				F3AA0551198E28B200079699 /* BeautyAppTests.xctest */,
			);
			name = Products;
			sourceTree = "<group>";
		};
		F3AA0538198E28B200079699 /* Frameworks */ = {
			isa = PBXGroup;
			children = (
				F3AA0568198E295300079699 /* CoreLocation.framework */,
				F3AA0569198E295300079699 /* MapKit.framework */,
				F3AA0539198E28B200079699 /* Foundation.framework */,
				F3AA053B198E28B200079699 /* CoreGraphics.framework */,
				F3AA053D198E28B200079699 /* UIKit.framework */,
				F3AA0552198E28B200079699 /* XCTest.framework */,
				A03EBD6E4C6C45F59F87F012 /* libPods.a */,
			);
			name = Frameworks;
			sourceTree = "<group>";
		};
		F3AA053F198E28B200079699 /* BeautyApp */ = {
			isa = PBXGroup;
			children = (
				F3AA056E198E453E00079699 /* Model */,
				F3AA056D198E453700079699 /* View */,
				F3AA056C198E452800079699 /* Controller */,
				F3AA0540198E28B200079699 /* Supporting Files */,
			);
			path = BeautyApp;
			sourceTree = "<group>";
		};
		F3AA0540198E28B200079699 /* Supporting Files */ = {
			isa = PBXGroup;
			children = (
				F3D83D15198E4946007BAC70 /* BAPStaticData.h */,
				F3D83D16198E4946007BAC70 /* BAPStaticData.m */,
				F3D83D17198E4946007BAC70 /* UIView+Layout.h */,
				F3D83D18198E4946007BAC70 /* UIView+Layout.m */,
				F3AA0548198E28B200079699 /* BAPAppDelegate.h */,
				F3AA0549198E28B200079699 /* BAPAppDelegate.m */,
				F3AA0541198E28B200079699 /* BeautyApp-Info.plist */,
				F3AA0542198E28B200079699 /* InfoPlist.strings */,
				F3AA0545198E28B200079699 /* main.m */,
				F3AA0547198E28B200079699 /* BeautyApp-Prefix.pch */,
			);
			name = "Supporting Files";
			sourceTree = "<group>";
		};
		F3AA0558198E28B200079699 /* BeautyAppTests */ = {
			isa = PBXGroup;
			children = (
				F3AA055E198E28B200079699 /* BeautyAppTests.m */,
				F3AA0559198E28B200079699 /* Supporting Files */,
			);
			path = BeautyAppTests;
			sourceTree = "<group>";
		};
		F3AA0559198E28B200079699 /* Supporting Files */ = {
			isa = PBXGroup;
			children = (
				F3AA055A198E28B200079699 /* BeautyAppTests-Info.plist */,
				F3AA055B198E28B200079699 /* InfoPlist.strings */,
			);
			name = "Supporting Files";
			sourceTree = "<group>";
		};
		F3AA056C198E452800079699 /* Controller */ = {
			isa = PBXGroup;
			children = (
				F3D83CED198E48E1007BAC70 /* Base */,
				F3D83CF4198E4910007BAC70 /* BAPReservationVC.h */,
				F3D83CF5198E4910007BAC70 /* BAPReservationVC.m */,
				F3D83CF6198E4910007BAC70 /* BAPTreatmentVC.h */,
				F3D83CF7198E4910007BAC70 /* BAPTreatmentVC.m */,
				F3D83CF8198E4910007BAC70 /* BAPMainVC.h */,
				F3D83CF9198E4910007BAC70 /* BAPMainVC.m */,
				F3D83CFA198E4910007BAC70 /* BAPBeauticianVC.h */,
				F3D83CFB198E4910007BAC70 /* BAPBeauticianVC.m */,
				F3D83CFC198E4910007BAC70 /* BAPBeauticianSearchVC.h */,
				F3D83CFD198E4910007BAC70 /* BAPBeauticianSearchVC.m */,
				F3D83CFE198E4910007BAC70 /* BAPBeauticianSearchResultsVC.h */,
				F3D83CFF198E4910007BAC70 /* BAPBeauticianSearchResultsVC.m */,
				F3D83D00198E4910007BAC70 /* BAPUserProfileVC.h */,
				F3D83D01198E4910007BAC70 /* BAPUserProfileVC.m */,
				F3D83D02198E4910007BAC70 /* BAPUserTreatmentHistoryVC.h */,
				F3D83D03198E4910007BAC70 /* BAPUserTreatmentHistoryVC.m */,
				F3D83D04198E4910007BAC70 /* BAPRegulationsCV.h */,
				F3D83D05198E4910007BAC70 /* BAPRegulationsCV.m */,
				F3D83D06198E4910007BAC70 /* BAPWalkthroughContentVC.h */,
				F3D83D07198E4910007BAC70 /* BAPWalkthroughContentVC.m */,
				F3D83D08198E4910007BAC70 /* BAPWalkthroughVC.h */,
				F3D83D09198E4910007BAC70 /* BAPWalkthroughVC.m */,
			);
			name = Controller;
			sourceTree = "<group>";
		};
		F3AA056D198E453700079699 /* View */ = {
			isa = PBXGroup;
			children = (
				F3D83CBD198E4821007BAC70 /* Cell */,
				F3D83CBC198E480F007BAC70 /* SubView */,
				F3AA054B198E28B200079699 /* Images.xcassets */,
				F3D83CBE198E4847007BAC70 /* Main.storyboard */,
			);
			name = View;
			sourceTree = "<group>";
		};
		F3AA056E198E453E00079699 /* Model */ = {
			isa = PBXGroup;
			children = (
				F3AA056F198E456500079699 /* JSON Model */,
				F3D83CAB198E47F7007BAC70 /* BAPRateView.h */,
				F3D83CAA198E47F7007BAC70 /* BAPRateView.m */,
				F3D83CAD198E47F7007BAC70 /* BAPBusiness.h */,
				F3D83CAC198E47F7007BAC70 /* BAPBusiness.m */,
				F3D83CAE198E47F7007BAC70 /* BAPBusinessServices.h */,
				F3D83CAF198E47F7007BAC70 /* BAPBusinessServices.m */,
				F3D83CB0198E47F7007BAC70 /* BAPMapViewAnnotation.h */,
				F3D83CB1198E47F7007BAC70 /* BAPMapViewAnnotation.m */,
				F3D83CB2198E47F7007BAC70 /* BAPBusinessAdress.h */,
				F3D83CB3198E47F7007BAC70 /* BAPBusinessAdress.m */,
				F3D83CB4198E47F7007BAC70 /* BAPBusinessRating.h */,
				F3D83CB5198E47F7007BAC70 /* BAPBusinessRating.m */,
			);
			name = Model;
			sourceTree = "<group>";
		};
		F3AA056F198E456500079699 /* JSON Model */ = {
			isa = PBXGroup;
			children = (
				F3D83CA3198E4796007BAC70 /* LocaTtion Indicators */,
				F3AA0570198E458300079699 /* Beautician */,
			);
			name = "JSON Model";
			sourceTree = "<group>";
		};
		F3AA0570198E458300079699 /* Beautician */ = {
			isa = PBXGroup;
			children = (
				F3D83C9A198E4781007BAC70 /* BAPBeauticianAdressModel.h */,
				F3D83C9B198E4781007BAC70 /* BAPBeauticianAdressModel.m */,
				F3D83C9C198E4781007BAC70 /* BAPBeauticianRatingModel.h */,
				F3D83C9D198E4781007BAC70 /* BAPBeauticianRatingModel.m */,
				F3D83C9E198E4781007BAC70 /* BAPBeauticianModel.h */,
				F3D83C9F198E4781007BAC70 /* BAPBeauticianModel.m */,
			);
			name = Beautician;
			sourceTree = "<group>";
		};
		F3D83CA3198E4796007BAC70 /* LocaTtion Indicators */ = {
			isa = PBXGroup;
			children = (
				F3D83CA4198E47D2007BAC70 /* BAPGetMapsLocationsIndicatorsModel.h */,
				F3D83CA5198E47D2007BAC70 /* BAPGetMapsLocationsIndicatorsModel.m */,
				F3D83CA6198E47D2007BAC70 /* BAPGetMapsLocationsIndicatorsResults.h */,
				F3D83CA7198E47D2007BAC70 /* BAPGetMapsLocationsIndicatorsResults.m */,
			);
			name = "LocaTtion Indicators";
			sourceTree = "<group>";
		};
		F3D83CBC198E480F007BAC70 /* SubView */ = {
			isa = PBXGroup;
			children = (
				F3D83CCF198E48A1007BAC70 /* BAPForHowSelectionV.h */,
				F3D83CD0198E48A1007BAC70 /* BAPForHowSelectionV.m */,
				F3D83CD1198E48A1007BAC70 /* BAPForHowSelectionV.xib */,
				F3D83CD2198E48A1007BAC70 /* BAPWhenSelectionV.h */,
				F3D83CD3198E48A1007BAC70 /* BAPWhenSelectionV.m */,
				F3D83CD4198E48A1007BAC70 /* BAPWhenSelectionV.xib */,
				F3D83CD5198E48A1007BAC70 /* BAPLocationSelectionV.h */,
				F3D83CD6198E48A1007BAC70 /* BAPLocationSelectionV.m */,
				F3D83CD7198E48A1007BAC70 /* BAPLocationSelectionV.xib */,
				F3D83CD8198E48A1007BAC70 /* BAPCommentsV.h */,
				F3D83CD9198E48A1007BAC70 /* BAPCommentsV.m */,
				F3D83CDA198E48A1007BAC70 /* BAPCommentsV.xib */,
				F3D83CDB198E48A1007BAC70 /* BAPDateSelectionV.h */,
				F3D83CDC198E48A1007BAC70 /* BAPDateSelectionV.m */,
				F3D83CDD198E48A1007BAC70 /* BAPDateSelectionV.xib */,
				F3D83CDE198E48A1007BAC70 /* BAPMenuV.h */,
				F3D83CDF198E48A1007BAC70 /* BAPMenuV.m */,
				F3D83CE0198E48A1007BAC70 /* BAPMenuV.xib */,
			);
			name = SubView;
			sourceTree = "<group>";
		};
		F3D83CBD198E4821007BAC70 /* Cell */ = {
			isa = PBXGroup;
			children = (
				F3D83CC1198E487F007BAC70 /* BAPBusinessOnMapCell.h */,
				F3D83CC2198E487F007BAC70 /* BAPBusinessOnMapCell.m */,
				F3D83CC0198E487F007BAC70 /* BAPBusinessOnMapCell.xib */,
				F3D83CC3198E487F007BAC70 /* BAPTreatmentCell.h */,
				F3D83CC4198E487F007BAC70 /* BAPTreatmentCell.m */,
				F3D83CC5198E487F007BAC70 /* BAPTreatmentCell.xib */,
				F3D83CC6198E487F007BAC70 /* BAPTreatmentHistoryCell.h */,
				F3D83CC7198E487F007BAC70 /* BAPTreatmentHistoryCell.m */,
				F3D83CC8198E487F007BAC70 /* BAPTreatmentHistoryCell.xib */,
			);
			name = Cell;
			sourceTree = "<group>";
		};
		F3D83CED198E48E1007BAC70 /* Base */ = {
			isa = PBXGroup;
			children = (
				F3D83CEE198E48F7007BAC70 /* BAPBaseReservationVC.h */,
				F3D83CEF198E48F7007BAC70 /* BAPBaseReservationVC.m */,
				F3D83CF0198E48F7007BAC70 /* BAPBaseVC.h */,
				F3D83CF1198E48F7007BAC70 /* BAPBaseVC.m */,
			);
			name = Base;
			sourceTree = "<group>";
		};
/* End PBXGroup section */

/* Begin PBXNativeTarget section */
		F3AA0535198E28B200079699 /* BeautyApp */ = {
			isa = PBXNativeTarget;
			buildConfigurationList = F3AA0562198E28B200079699 /* Build configuration list for PBXNativeTarget "BeautyApp" */;
			buildPhases = (
				8C6F21B189BA44A2AFD0B7DA /* Check Pods Manifest.lock */,
				F3AA0532198E28B200079699 /* Sources */,
				F3AA0533198E28B200079699 /* Frameworks */,
				F3AA0534198E28B200079699 /* Resources */,
				86EA78E5851D414FB4B9811B /* Copy Pods Resources */,
			);
			buildRules = (
			);
			dependencies = (
			);
			name = BeautyApp;
			productName = BeautyApp;
			productReference = F3AA0536198E28B200079699 /* BeautyApp.app */;
			productType = "com.apple.product-type.application";
		};
		F3AA0550198E28B200079699 /* BeautyAppTests */ = {
			isa = PBXNativeTarget;
			buildConfigurationList = F3AA0565198E28B200079699 /* Build configuration list for PBXNativeTarget "BeautyAppTests" */;
			buildPhases = (
				F3AA054D198E28B200079699 /* Sources */,
				F3AA054E198E28B200079699 /* Frameworks */,
				F3AA054F198E28B200079699 /* Resources */,
			);
			buildRules = (
			);
			dependencies = (
				F3AA0557198E28B200079699 /* PBXTargetDependency */,
			);
			name = BeautyAppTests;
			productName = BeautyAppTests;
			productReference = F3AA0551198E28B200079699 /* BeautyAppTests.xctest */;
			productType = "com.apple.product-type.bundle.unit-test";
		};
/* End PBXNativeTarget section */

/* Begin PBXProject section */
		F3AA052E198E28B200079699 /* Project object */ = {
			isa = PBXProject;
			attributes = {
				CLASSPREFIX = BAP;
				LastUpgradeCheck = 0510;
				ORGANIZATIONNAME = pictureit;
				TargetAttributes = {
					F3AA0535198E28B200079699 = {
						DevelopmentTeam = 35JCU8PRN3;
					};
					F3AA0550198E28B200079699 = {
						TestTargetID = F3AA0535198E28B200079699;
					};
				};
			};
			buildConfigurationList = F3AA0531198E28B200079699 /* Build configuration list for PBXProject "BeautyApp" */;
			compatibilityVersion = "Xcode 3.2";
			developmentRegion = English;
			hasScannedForEncodings = 0;
			knownRegions = (
				en,
			);
			mainGroup = F3AA052D198E28B200079699;
			productRefGroup = F3AA0537198E28B200079699 /* Products */;
			projectDirPath = "";
			projectRoot = "";
			targets = (
				F3AA0535198E28B200079699 /* BeautyApp */,
				F3AA0550198E28B200079699 /* BeautyAppTests */,
			);
		};
/* End PBXProject section */

/* Begin PBXResourcesBuildPhase section */
		F3AA0534198E28B200079699 /* Resources */ = {
			isa = PBXResourcesBuildPhase;
			buildActionMask = 2147483647;
			files = (
				F3D83CCC198E487F007BAC70 /* BAPTreatmentCell.xib in Resources */,
				F3D83CE2198E48A1007BAC70 /* BAPForHowSelectionV.xib in Resources */,
				F3D83CE4198E48A1007BAC70 /* BAPWhenSelectionV.xib in Resources */,
				F3D83CE6198E48A1007BAC70 /* BAPLocationSelectionV.xib in Resources */,
				F3D83CBF198E4847007BAC70 /* Main.storyboard in Resources */,
				F3D83CCE198E487F007BAC70 /* BAPTreatmentHistoryCell.xib in Resources */,
				F3D83CEC198E48A1007BAC70 /* BAPMenuV.xib in Resources */,
				F3AA0544198E28B200079699 /* InfoPlist.strings in Resources */,
				F3D83CE8198E48A1007BAC70 /* BAPCommentsV.xib in Resources */,
				F3D83CC9198E487F007BAC70 /* BAPBusinessOnMapCell.xib in Resources */,
				F3D83CEA198E48A1007BAC70 /* BAPDateSelectionV.xib in Resources */,
				F3AA054C198E28B200079699 /* Images.xcassets in Resources */,
			);
			runOnlyForDeploymentPostprocessing = 0;
		};
		F3AA054F198E28B200079699 /* Resources */ = {
			isa = PBXResourcesBuildPhase;
			buildActionMask = 2147483647;
			files = (
				F3AA055D198E28B200079699 /* InfoPlist.strings in Resources */,
			);
			runOnlyForDeploymentPostprocessing = 0;
		};
/* End PBXResourcesBuildPhase section */

/* Begin PBXShellScriptBuildPhase section */
		86EA78E5851D414FB4B9811B /* Copy Pods Resources */ = {
			isa = PBXShellScriptBuildPhase;
			buildActionMask = 2147483647;
			files = (
			);
			inputPaths = (
			);
			name = "Copy Pods Resources";
			outputPaths = (
			);
			runOnlyForDeploymentPostprocessing = 0;
			shellPath = /bin/sh;
			shellScript = "\"${SRCROOT}/Pods/Pods-resources.sh\"\n";
			showEnvVarsInLog = 0;
		};
		8C6F21B189BA44A2AFD0B7DA /* Check Pods Manifest.lock */ = {
			isa = PBXShellScriptBuildPhase;
			buildActionMask = 2147483647;
			files = (
			);
			inputPaths = (
			);
			name = "Check Pods Manifest.lock";
			outputPaths = (
			);
			runOnlyForDeploymentPostprocessing = 0;
			shellPath = /bin/sh;
			shellScript = "diff \"${PODS_ROOT}/../Podfile.lock\" \"${PODS_ROOT}/Manifest.lock\" > /dev/null\nif [[ $? != 0 ]] ; then\n    cat << EOM\nerror: The sandbox is not in sync with the Podfile.lock. Run 'pod install' or update your CocoaPods installation.\nEOM\n    exit 1\nfi\n";
			showEnvVarsInLog = 0;
		};
/* End PBXShellScriptBuildPhase section */

/* Begin PBXSourcesBuildPhase section */
		F3AA0532198E28B200079699 /* Sources */ = {
			isa = PBXSourcesBuildPhase;
			buildActionMask = 2147483647;
			files = (
				F3D83D0C198E4910007BAC70 /* BAPMainVC.m in Sources */,
				F3D83CEB198E48A1007BAC70 /* BAPMenuV.m in Sources */,
				F3D83D19198E4946007BAC70 /* BAPStaticData.m in Sources */,
				F3D83CCD198E487F007BAC70 /* BAPTreatmentHistoryCell.m in Sources */,
				F3D83CF2198E48F7007BAC70 /* BAPBaseReservationVC.m in Sources */,
				F3D83CB8198E47F7007BAC70 /* BAPBusinessServices.m in Sources */,
				F3D83CA0198E4781007BAC70 /* BAPBeauticianAdressModel.m in Sources */,
				F3D83CE5198E48A1007BAC70 /* BAPLocationSelectionV.m in Sources */,
				F3D83CCA198E487F007BAC70 /* BAPBusinessOnMapCell.m in Sources */,
				F3D83CBA198E47F7007BAC70 /* BAPBusinessAdress.m in Sources */,
				F3D83CA8198E47D2007BAC70 /* BAPGetMapsLocationsIndicatorsModel.m in Sources */,
				F3D83D10198E4910007BAC70 /* BAPUserProfileVC.m in Sources */,
				F3D83D1A198E4946007BAC70 /* UIView+Layout.m in Sources */,
				F3D83CE7198E48A1007BAC70 /* BAPCommentsV.m in Sources */,
				F3D83CB9198E47F7007BAC70 /* BAPMapViewAnnotation.m in Sources */,
				F3D83CE1198E48A1007BAC70 /* BAPForHowSelectionV.m in Sources */,
				F3D83CCB198E487F007BAC70 /* BAPTreatmentCell.m in Sources */,
				F3AA054A198E28B200079699 /* BAPAppDelegate.m in Sources */,
				F3D83CB7198E47F7007BAC70 /* BAPBusiness.m in Sources */,
				F3D83D0D198E4910007BAC70 /* BAPBeauticianVC.m in Sources */,
				F3D83D12198E4910007BAC70 /* BAPRegulationsCV.m in Sources */,
				F3D83D14198E4910007BAC70 /* BAPWalkthroughVC.m in Sources */,
				F3D83D0F198E4910007BAC70 /* BAPBeauticianSearchResultsVC.m in Sources */,
				F3D83CA9198E47D2007BAC70 /* BAPGetMapsLocationsIndicatorsResults.m in Sources */,
				F3D83D0E198E4910007BAC70 /* BAPBeauticianSearchVC.m in Sources */,
				F3D83CF3198E48F7007BAC70 /* BAPBaseVC.m in Sources */,
				F3D83CE9198E48A1007BAC70 /* BAPDateSelectionV.m in Sources */,
				F3D83D0B198E4910007BAC70 /* BAPTreatmentVC.m in Sources */,
				F3D83CE3198E48A1007BAC70 /* BAPWhenSelectionV.m in Sources */,
				F3D83CA2198E4781007BAC70 /* BAPBeauticianModel.m in Sources */,
				F3D83D11198E4910007BAC70 /* BAPUserTreatmentHistoryVC.m in Sources */,
				F3D83D0A198E4910007BAC70 /* BAPReservationVC.m in Sources */,
				F3D83CB6198E47F7007BAC70 /* BAPRateView.m in Sources */,
				F3D83D13198E4910007BAC70 /* BAPWalkthroughContentVC.m in Sources */,
				F3D83CBB198E47F7007BAC70 /* BAPBusinessRating.m in Sources */,
				F3D83CA1198E4781007BAC70 /* BAPBeauticianRatingModel.m in Sources */,
				F3AA0546198E28B200079699 /* main.m in Sources */,
			);
			runOnlyForDeploymentPostprocessing = 0;
		};
		F3AA054D198E28B200079699 /* Sources */ = {
			isa = PBXSourcesBuildPhase;
			buildActionMask = 2147483647;
			files = (
				F3AA055F198E28B200079699 /* BeautyAppTests.m in Sources */,
			);
			runOnlyForDeploymentPostprocessing = 0;
		};
/* End PBXSourcesBuildPhase section */

/* Begin PBXTargetDependency section */
		F3AA0557198E28B200079699 /* PBXTargetDependency */ = {
			isa = PBXTargetDependency;
			target = F3AA0535198E28B200079699 /* BeautyApp */;
			targetProxy = F3AA0556198E28B200079699 /* PBXContainerItemProxy */;
		};
/* End PBXTargetDependency section */

/* Begin PBXVariantGroup section */
		F3AA0542198E28B200079699 /* InfoPlist.strings */ = {
			isa = PBXVariantGroup;
			children = (
				F3AA0543198E28B200079699 /* en */,
			);
			name = InfoPlist.strings;
			sourceTree = "<group>";
		};
		F3AA055B198E28B200079699 /* InfoPlist.strings */ = {
			isa = PBXVariantGroup;
			children = (
				F3AA055C198E28B200079699 /* en */,
			);
			name = InfoPlist.strings;
			sourceTree = "<group>";
		};
/* End PBXVariantGroup section */

/* Begin XCBuildConfiguration section */
		F3AA0560198E28B200079699 /* Debug */ = {
			isa = XCBuildConfiguration;
			buildSettings = {
				ALWAYS_SEARCH_USER_PATHS = NO;
				CLANG_CXX_LANGUAGE_STANDARD = "gnu++0x";
				CLANG_CXX_LIBRARY = "libc++";
				CLANG_ENABLE_MODULES = YES;
				CLANG_ENABLE_OBJC_ARC = YES;
				CLANG_WARN_BOOL_CONVERSION = YES;
				CLANG_WARN_CONSTANT_CONVERSION = YES;
				CLANG_WARN_DIRECT_OBJC_ISA_USAGE = YES_ERROR;
				CLANG_WARN_EMPTY_BODY = YES;
				CLANG_WARN_ENUM_CONVERSION = YES;
				CLANG_WARN_INT_CONVERSION = YES;
				CLANG_WARN_OBJC_ROOT_CLASS = YES_ERROR;
				CLANG_WARN__DUPLICATE_METHOD_MATCH = YES;
				"CODE_SIGN_IDENTITY[sdk=iphoneos*]" = "iPhone Developer";
				COPY_PHASE_STRIP = NO;
				GCC_C_LANGUAGE_STANDARD = gnu99;
				GCC_DYNAMIC_NO_PIC = NO;
				GCC_OPTIMIZATION_LEVEL = 0;
				GCC_PREPROCESSOR_DEFINITIONS = (
					"DEBUG=1",
					"$(inherited)",
				);
				GCC_SYMBOLS_PRIVATE_EXTERN = NO;
				GCC_WARN_64_TO_32_BIT_CONVERSION = YES;
				GCC_WARN_ABOUT_RETURN_TYPE = YES_ERROR;
				GCC_WARN_UNDECLARED_SELECTOR = YES;
				GCC_WARN_UNINITIALIZED_AUTOS = YES_AGGRESSIVE;
				GCC_WARN_UNUSED_FUNCTION = YES;
				GCC_WARN_UNUSED_VARIABLE = YES;
				IPHONEOS_DEPLOYMENT_TARGET = 7.1;
				ONLY_ACTIVE_ARCH = YES;
				SDKROOT = iphoneos;
			};
			name = Debug;
		};
		F3AA0561198E28B200079699 /* Release */ = {
			isa = XCBuildConfiguration;
			buildSettings = {
				ALWAYS_SEARCH_USER_PATHS = NO;
				CLANG_CXX_LANGUAGE_STANDARD = "gnu++0x";
				CLANG_CXX_LIBRARY = "libc++";
				CLANG_ENABLE_MODULES = YES;
				CLANG_ENABLE_OBJC_ARC = YES;
				CLANG_WARN_BOOL_CONVERSION = YES;
				CLANG_WARN_CONSTANT_CONVERSION = YES;
				CLANG_WARN_DIRECT_OBJC_ISA_USAGE = YES_ERROR;
				CLANG_WARN_EMPTY_BODY = YES;
				CLANG_WARN_ENUM_CONVERSION = YES;
				CLANG_WARN_INT_CONVERSION = YES;
				CLANG_WARN_OBJC_ROOT_CLASS = YES_ERROR;
				CLANG_WARN__DUPLICATE_METHOD_MATCH = YES;
				"CODE_SIGN_IDENTITY[sdk=iphoneos*]" = "iPhone Developer";
				COPY_PHASE_STRIP = YES;
				ENABLE_NS_ASSERTIONS = NO;
				GCC_C_LANGUAGE_STANDARD = gnu99;
				GCC_WARN_64_TO_32_BIT_CONVERSION = YES;
				GCC_WARN_ABOUT_RETURN_TYPE = YES_ERROR;
				GCC_WARN_UNDECLARED_SELECTOR = YES;
				GCC_WARN_UNINITIALIZED_AUTOS = YES_AGGRESSIVE;
				GCC_WARN_UNUSED_FUNCTION = YES;
				GCC_WARN_UNUSED_VARIABLE = YES;
				IPHONEOS_DEPLOYMENT_TARGET = 7.1;
				SDKROOT = iphoneos;
				VALIDATE_PRODUCT = YES;
			};
			name = Release;
		};
		F3AA0563198E28B200079699 /* Debug */ = {
			isa = XCBuildConfiguration;
			baseConfigurationReference = 3029216296514C8B8814007C /* Pods.xcconfig */;
			buildSettings = {
				ASSETCATALOG_COMPILER_APPICON_NAME = AppIcon;
				ASSETCATALOG_COMPILER_LAUNCHIMAGE_NAME = LaunchImage;
				CODE_SIGN_IDENTITY = "iPhone Developer";
				GCC_PRECOMPILE_PREFIX_HEADER = YES;
				GCC_PREFIX_HEADER = "BeautyApp/BeautyApp-Prefix.pch";
				INFOPLIST_FILE = "BeautyApp/BeautyApp-Info.plist";
				IPHONEOS_DEPLOYMENT_TARGET = 7.0;
				PRODUCT_NAME = "$(TARGET_NAME)";
				WRAPPER_EXTENSION = app;
			};
			name = Debug;
		};
		F3AA0564198E28B200079699 /* Release */ = {
			isa = XCBuildConfiguration;
			baseConfigurationReference = 3029216296514C8B8814007C /* Pods.xcconfig */;
			buildSettings = {
				ASSETCATALOG_COMPILER_APPICON_NAME = AppIcon;
				ASSETCATALOG_COMPILER_LAUNCHIMAGE_NAME = LaunchImage;
				CODE_SIGN_IDENTITY = "iPhone Developer";
				GCC_PRECOMPILE_PREFIX_HEADER = YES;
				GCC_PREFIX_HEADER = "BeautyApp/BeautyApp-Prefix.pch";
				INFOPLIST_FILE = "BeautyApp/BeautyApp-Info.plist";
				IPHONEOS_DEPLOYMENT_TARGET = 7.0;
				PRODUCT_NAME = "$(TARGET_NAME)";
				WRAPPER_EXTENSION = app;
			};
			name = Release;
		};
		F3AA0566198E28B200079699 /* Debug */ = {
			isa = XCBuildConfiguration;
			buildSettings = {
				BUNDLE_LOADER = "$(BUILT_PRODUCTS_DIR)/BeautyApp.app/BeautyApp";
				FRAMEWORK_SEARCH_PATHS = (
					"$(SDKROOT)/Developer/Library/Frameworks",
					"$(inherited)",
					"$(DEVELOPER_FRAMEWORKS_DIR)",
				);
				GCC_PRECOMPILE_PREFIX_HEADER = YES;
				GCC_PREFIX_HEADER = "BeautyApp/BeautyApp-Prefix.pch";
				GCC_PREPROCESSOR_DEFINITIONS = (
					"DEBUG=1",
					"$(inherited)",
				);
				INFOPLIST_FILE = "BeautyAppTests/BeautyAppTests-Info.plist";
				PRODUCT_NAME = "$(TARGET_NAME)";
				TEST_HOST = "$(BUNDLE_LOADER)";
				WRAPPER_EXTENSION = xctest;
			};
			name = Debug;
		};
		F3AA0567198E28B200079699 /* Release */ = {
			isa = XCBuildConfiguration;
			buildSettings = {
				BUNDLE_LOADER = "$(BUILT_PRODUCTS_DIR)/BeautyApp.app/BeautyApp";
				FRAMEWORK_SEARCH_PATHS = (
					"$(SDKROOT)/Developer/Library/Frameworks",
					"$(inherited)",
					"$(DEVELOPER_FRAMEWORKS_DIR)",
				);
				GCC_PRECOMPILE_PREFIX_HEADER = YES;
				GCC_PREFIX_HEADER = "BeautyApp/BeautyApp-Prefix.pch";
				INFOPLIST_FILE = "BeautyAppTests/BeautyAppTests-Info.plist";
				PRODUCT_NAME = "$(TARGET_NAME)";
				TEST_HOST = "$(BUNDLE_LOADER)";
				WRAPPER_EXTENSION = xctest;
			};
			name = Release;
		};
/* End XCBuildConfiguration section */

/* Begin XCConfigurationList section */
		F3AA0531198E28B200079699 /* Build configuration list for PBXProject "BeautyApp" */ = {
			isa = XCConfigurationList;
			buildConfigurations = (
				F3AA0560198E28B200079699 /* Debug */,
				F3AA0561198E28B200079699 /* Release */,
			);
			defaultConfigurationIsVisible = 0;
			defaultConfigurationName = Release;
		};
		F3AA0562198E28B200079699 /* Build configuration list for PBXNativeTarget "BeautyApp" */ = {
			isa = XCConfigurationList;
			buildConfigurations = (
				F3AA0563198E28B200079699 /* Debug */,
				F3AA0564198E28B200079699 /* Release */,
			);
			defaultConfigurationIsVisible = 0;
			defaultConfigurationName = Release;
		};
		F3AA0565198E28B200079699 /* Build configuration list for PBXNativeTarget "BeautyAppTests" */ = {
			isa = XCConfigurationList;
			buildConfigurations = (
				F3AA0566198E28B200079699 /* Debug */,
				F3AA0567198E28B200079699 /* Release */,
			);
			defaultConfigurationIsVisible = 0;
			defaultConfigurationName = Release;
		};
/* End XCConfigurationList section */
	};
	rootObject = F3AA052E198E28B200079699 /* Project object */;
}
